
Microsoft Visual Studio Solution File, Format Version 12.00
# Visual Studio 14
VisualStudioVersion = 14.0.25420.1
MinimumVisualStudioVersion = 10.0.40219.1
Project("{FAE04EC0-301F-11D3-BF4B-00C04F79EFBC}") = "01_House Painting", "01_House Painting\01_House Painting.csproj", "{28B0B822-4596-4747-A9EC-041AD43EFA9C}"
EndProject
Project("{FAE04EC0-301F-11D3-BF4B-00C04F79EFBC}") = "02_Cups", "02_Cups\02_Cups.csproj", "{19858DF4-EA0B-4D33-9BBC-D209DA22805F}"
EndProject
Project("{FAE04EC0-301F-11D3-BF4B-00C04F79EFBC}") = "03_Vacation", "03_Vacation\03_Vacation.csproj", "{FD59CD7D-C3CF-4669-AF93-32168C41CDFA}"
EndProject
Project("{FAE04EC0-301F-11D3-BF4B-00C04F79EFBC}") = "04_Trainers Salary", "04_Trainers Salary\04_Trainers Salary.csproj", "{2738BC86-2A65-49F4-B940-3C6836FD6B8C}"
EndProject
Project("{FAE04EC0-301F-11D3-BF4B-00C04F79EFBC}") = "05_Hourglass", "05_Hourglass\05_Hourglass.csproj", "{6320DD6A-B600-4D98-9B38-4DE53D9944B2}"
EndProject
Project("{FAE04EC0-301F-11D3-BF4B-00C04F79EFBC}") = "06_Two Numbers Sum", "06_Two Numbers Sum\06_Two Numbers Sum.csproj", "{50DE1A06-B1C3-4344-AD5E-34AEDBEF1DB4}"
EndProject
Global
	GlobalSection(SolutionConfigurationPlatforms) = preSolution
		Debug|Any CPU = Debug|Any CPU
		Release|Any CPU = Release|Any CPU
	EndGlobalSection
	GlobalSection(ProjectConfigurationPlatforms) = postSolution
		{28B0B822-4596-4747-A9EC-041AD43EFA9C}.Debug|Any CPU.ActiveCfg = Debug|Any CPU
		{28B0B822-4596-4747-A9EC-041AD43EFA9C}.Debug|Any CPU.Build.0 = Debug|Any CPU
		{28B0B822-4596-4747-A9EC-041AD43EFA9C}.Release|Any CPU.ActiveCfg = Release|Any CPU
		{28B0B822-4596-4747-A9EC-041AD43EFA9C}.Release|Any CPU.Build.0 = Release|Any CPU
		{19858DF4-EA0B-4D33-9BBC-D209DA22805F}.Debug|Any CPU.ActiveCfg = Debug|Any CPU
		{19858DF4-EA0B-4D33-9BBC-D209DA22805F}.Debug|Any CPU.Build.0 = Debug|Any CPU
		{19858DF4-EA0B-4D33-9BBC-D209DA22805F}.Release|Any CPU.ActiveCfg = Release|Any CPU
		{19858DF4-EA0B-4D33-9BBC-D209DA22805F}.Release|Any CPU.Build.0 = Release|Any CPU
		{FD59CD7D-C3CF-4669-AF93-32168C41CDFA}.Debug|Any CPU.ActiveCfg = Debug|Any CPU
		{FD59CD7D-C3CF-4669-AF93-32168C41CDFA}.Debug|Any CPU.Build.0 = Debug|Any CPU
		{FD59CD7D-C3CF-4669-AF93-32168C41CDFA}.Release|Any CPU.ActiveCfg = Release|Any CPU
		{FD59CD7D-C3CF-4669-AF93-32168C41CDFA}.Release|Any CPU.Build.0 = Release|Any CPU
		{2738BC86-2A65-49F4-B940-3C6836FD6B8C}.Debug|Any CPU.ActiveCfg = Debug|Any CPU
		{2738BC86-2A65-49F4-B940-3C6836FD6B8C}.Debug|Any CPU.Build.0 = Debug|Any CPU
		{2738BC86-2A65-49F4-B940-3C6836FD6B8C}.Release|Any CPU.ActiveCfg = Release|Any CPU
		{2738BC86-2A65-49F4-B940-3C6836FD6B8C}.Release|Any CPU.Build.0 = Release|Any CPU
		{6320DD6A-B600-4D98-9B38-4DE53D9944B2}.Debug|Any CPU.ActiveCfg = Debug|Any CPU
		{6320DD6A-B600-4D98-9B38-4DE53D9944B2}.Debug|Any CPU.Build.0 = Debug|Any CPU
		{6320DD6A-B600-4D98-9B38-4DE53D9944B2}.Release|Any CPU.ActiveCfg = Release|Any CPU
		{6320DD6A-B600-4D98-9B38-4DE53D9944B2}.Release|Any CPU.Build.0 = Release|Any CPU
		{50DE1A06-B1C3-4344-AD5E-34AEDBEF1DB4}.Debug|Any CPU.ActiveCfg = Debug|Any CPU
		{50DE1A06-B1C3-4344-AD5E-34AEDBEF1DB4}.Debug|Any CPU.Build.0 = Debug|Any CPU
		{50DE1A06-B1C3-4344-AD5E-34AEDBEF1DB4}.Release|Any CPU.ActiveCfg = Release|Any CPU
		{50DE1A06-B1C3-4344-AD5E-34AEDBEF1DB4}.Release|Any CPU.Build.0 = Release|Any CPU
	EndGlobalSection
	GlobalSection(SolutionProperties) = preSolution
		HideSolutionNode = FALSE
	EndGlobalSection
EndGlobal
